
Microsoft Visual Studio Solution File, Format Version 12.00
# Visual Studio Version 16
VisualStudioVersion = 16.0.29519.87
MinimumVisualStudioVersion = 10.0.40219.1
Project("{9A19103F-16F7-4668-BE54-9A1E7A4F7556}") = "TokenBroker", "TokenBroker.csproj", "{DC73170E-B249-4DF1-9FF9-7D6A44DEFA15}"
EndProject
Global
	GlobalSection(SolutionConfigurationPlatforms) = preSolution
		Debug|Any CPU = Debug|Any CPU
		Debug|x64 = Debug|x64
		Release|Any CPU = Release|Any CPU
		Release|x64 = Release|x64
	EndGlobalSection
	GlobalSection(ProjectConfigurationPlatforms) = postSolution
		{DC73170E-B249-4DF1-9FF9-7D6A44DEFA15}.Debug|Any CPU.ActiveCfg = Release|Any CPU
		{DC73170E-B249-4DF1-9FF9-7D6A44DEFA15}.Debug|Any CPU.Build.0 = Release|Any CPU
		{DC73170E-B249-4DF1-9FF9-7D6A44DEFA15}.Debug|x64.ActiveCfg = Debug|x64
		{DC73170E-B249-4DF1-9FF9-7D6A44DEFA15}.Debug|x64.Build.0 = Debug|x64
		{DC73170E-B249-4DF1-9FF9-7D6A44DEFA15}.Release|Any CPU.ActiveCfg = Release|Any CPU
		{DC73170E-B249-4DF1-9FF9-7D6A44DEFA15}.Release|Any CPU.Build.0 = Release|Any CPU
		{DC73170E-B249-4DF1-9FF9-7D6A44DEFA15}.Release|x64.ActiveCfg = Release|x64
		{DC73170E-B249-4DF1-9FF9-7D6A44DEFA15}.Release|x64.Build.0 = Release|x64
	EndGlobalSection
	GlobalSection(SolutionProperties) = preSolution
		HideSolutionNode = FALSE
	EndGlobalSection
	GlobalSection(ExtensibilityGlobals) = postSolution
		SolutionGuid = {78FF719A-96C6-4D55-BD7D-7A0BDD0AEC33}
	EndGlobalSection
EndGlobal
